
Microsoft Visual Studio Solution File, Format Version 12.00
# Visual Studio Version 17
VisualStudioVersion = 17.3.32825.248
MinimumVisualStudioVersion = 10.0.40219.1
Project("{2150E333-8FDC-42A3-9474-1A3956D46DE8}") = "Solution Items", "Solution Items", "{021967B9-A7A9-45FE-BBC4-1CA398EAD887}"
	ProjectSection(SolutionItems) = preProject
		.editorconfig = .editorconfig
		..\README.md = ..\README.md
	EndProjectSection
EndProject
Project("{2150E333-8FDC-42A3-9474-1A3956D46DE8}") = "Moda.Common", "Moda.Common", "{FD3939FE-64C0-44CB-A57F-85B671554FF5}"
EndProject
Project("{2150E333-8FDC-42A3-9474-1A3956D46DE8}") = "Moda.Work", "Moda.Work", "{20F0F681-ABD6-4355-8BBF-8FB20E73E20F}"
EndProject
Project("{2150E333-8FDC-42A3-9474-1A3956D46DE8}") = "Moda.Infrastructure", "Moda.Infrastructure", "{358A9AAD-EFBC-421C-BB59-47B1B84EF37B}"
EndProject
Project("{2150E333-8FDC-42A3-9474-1A3956D46DE8}") = "Moda.Web", "Moda.Web", "{7ACBCE5E-448C-4C59-84B2-B06585A29E5D}"
EndProject
Project("{2150E333-8FDC-42A3-9474-1A3956D46DE8}") = "src", "src", "{9875E6A7-AEC3-499B-8D58-13ECCF0DE410}"
EndProject
Project("{2150E333-8FDC-42A3-9474-1A3956D46DE8}") = "tests", "tests", "{13A71673-06F8-4099-BAB7-962DA8E5F0F5}"
EndProject
Project("{2150E333-8FDC-42A3-9474-1A3956D46DE8}") = "src", "src", "{D6652BF1-5A0C-4679-8C54-F1BE7A5F0103}"
EndProject
Project("{2150E333-8FDC-42A3-9474-1A3956D46DE8}") = "tests", "tests", "{92276B0E-42DB-4B96-942D-86DD70CE89C3}"
EndProject
Project("{2150E333-8FDC-42A3-9474-1A3956D46DE8}") = "src", "src", "{D7318832-400B-4E4B-9948-7E4E26E6CE7E}"
EndProject
Project("{2150E333-8FDC-42A3-9474-1A3956D46DE8}") = "tests", "tests", "{154B05B9-B519-4BB5-8D17-344F7EDB38E3}"
EndProject
Project("{2150E333-8FDC-42A3-9474-1A3956D46DE8}") = "src", "src", "{79C5BAC6-06D9-48E9-A5BA-9BCCD3478D99}"
EndProject
Project("{2150E333-8FDC-42A3-9474-1A3956D46DE8}") = "tests", "tests", "{B1E9B8B1-3BCA-460E-B60C-652E6BD98DF3}"
EndProject
Project("{9A19103F-16F7-4668-BE54-9A1E7A4F7556}") = "Moda.Common.Tests", "Moda.Common\tests\Moda.Common.Tests\Moda.Common.Tests.csproj", "{6DD5F280-4BEC-4468-BE42-45FB4CD7D52F}"
EndProject
Project("{9A19103F-16F7-4668-BE54-9A1E7A4F7556}") = "Moda.Common", "Moda.Common\src\Moda.Common\Moda.Common.csproj", "{524FC9FC-0A9C-47D2-8237-517778C08599}"
EndProject
Project("{9A19103F-16F7-4668-BE54-9A1E7A4F7556}") = "Moda.Common.Domain", "Moda.Common\src\Moda.Domain.Common\Moda.Common.Domain.csproj", "{A3207C27-5A85-4511-92B0-ADC82BECF531}"
EndProject
Project("{9A19103F-16F7-4668-BE54-9A1E7A4F7556}") = "Moda.Common.Application", "Moda.Common\src\Moda.Application.Common\Moda.Common.Application.csproj", "{E1026201-E783-4BA9-B1F7-DB4A247ACA80}"
EndProject
Project("{FAE04EC0-301F-11D3-BF4B-00C04F79EFBC}") = "Moda.Work.Domain", "Moda.Work\src\Moda.Work.Domain\Moda.Work.Domain.csproj", "{B1E169E8-9ACA-45B2-B955-43FF12D1465F}"
EndProject
Global
	GlobalSection(SolutionConfigurationPlatforms) = preSolution
		Debug|Any CPU = Debug|Any CPU
		Release|Any CPU = Release|Any CPU
	EndGlobalSection
	GlobalSection(ProjectConfigurationPlatforms) = postSolution
		{6DD5F280-4BEC-4468-BE42-45FB4CD7D52F}.Debug|Any CPU.ActiveCfg = Debug|Any CPU
		{6DD5F280-4BEC-4468-BE42-45FB4CD7D52F}.Debug|Any CPU.Build.0 = Debug|Any CPU
		{6DD5F280-4BEC-4468-BE42-45FB4CD7D52F}.Release|Any CPU.ActiveCfg = Release|Any CPU
		{6DD5F280-4BEC-4468-BE42-45FB4CD7D52F}.Release|Any CPU.Build.0 = Release|Any CPU
		{524FC9FC-0A9C-47D2-8237-517778C08599}.Debug|Any CPU.ActiveCfg = Debug|Any CPU
		{524FC9FC-0A9C-47D2-8237-517778C08599}.Debug|Any CPU.Build.0 = Debug|Any CPU
		{524FC9FC-0A9C-47D2-8237-517778C08599}.Release|Any CPU.ActiveCfg = Release|Any CPU
		{524FC9FC-0A9C-47D2-8237-517778C08599}.Release|Any CPU.Build.0 = Release|Any CPU
		{A3207C27-5A85-4511-92B0-ADC82BECF531}.Debug|Any CPU.ActiveCfg = Debug|Any CPU
		{A3207C27-5A85-4511-92B0-ADC82BECF531}.Debug|Any CPU.Build.0 = Debug|Any CPU
		{A3207C27-5A85-4511-92B0-ADC82BECF531}.Release|Any CPU.ActiveCfg = Release|Any CPU
		{A3207C27-5A85-4511-92B0-ADC82BECF531}.Release|Any CPU.Build.0 = Release|Any CPU
		{E1026201-E783-4BA9-B1F7-DB4A247ACA80}.Debug|Any CPU.ActiveCfg = Debug|Any CPU
		{E1026201-E783-4BA9-B1F7-DB4A247ACA80}.Debug|Any CPU.Build.0 = Debug|Any CPU
		{E1026201-E783-4BA9-B1F7-DB4A247ACA80}.Release|Any CPU.ActiveCfg = Release|Any CPU
		{E1026201-E783-4BA9-B1F7-DB4A247ACA80}.Release|Any CPU.Build.0 = Release|Any CPU
		{B1E169E8-9ACA-45B2-B955-43FF12D1465F}.Debug|Any CPU.ActiveCfg = Debug|Any CPU
		{B1E169E8-9ACA-45B2-B955-43FF12D1465F}.Debug|Any CPU.Build.0 = Debug|Any CPU
		{B1E169E8-9ACA-45B2-B955-43FF12D1465F}.Release|Any CPU.ActiveCfg = Release|Any CPU
		{B1E169E8-9ACA-45B2-B955-43FF12D1465F}.Release|Any CPU.Build.0 = Release|Any CPU
	EndGlobalSection
	GlobalSection(SolutionProperties) = preSolution
		HideSolutionNode = FALSE
	EndGlobalSection
	GlobalSection(NestedProjects) = preSolution
		{9875E6A7-AEC3-499B-8D58-13ECCF0DE410} = {FD3939FE-64C0-44CB-A57F-85B671554FF5}
		{13A71673-06F8-4099-BAB7-962DA8E5F0F5} = {FD3939FE-64C0-44CB-A57F-85B671554FF5}
		{D6652BF1-5A0C-4679-8C54-F1BE7A5F0103} = {358A9AAD-EFBC-421C-BB59-47B1B84EF37B}
		{92276B0E-42DB-4B96-942D-86DD70CE89C3} = {358A9AAD-EFBC-421C-BB59-47B1B84EF37B}
		{D7318832-400B-4E4B-9948-7E4E26E6CE7E} = {7ACBCE5E-448C-4C59-84B2-B06585A29E5D}
		{154B05B9-B519-4BB5-8D17-344F7EDB38E3} = {7ACBCE5E-448C-4C59-84B2-B06585A29E5D}
		{79C5BAC6-06D9-48E9-A5BA-9BCCD3478D99} = {20F0F681-ABD6-4355-8BBF-8FB20E73E20F}
		{B1E9B8B1-3BCA-460E-B60C-652E6BD98DF3} = {20F0F681-ABD6-4355-8BBF-8FB20E73E20F}
		{6DD5F280-4BEC-4468-BE42-45FB4CD7D52F} = {13A71673-06F8-4099-BAB7-962DA8E5F0F5}
		{524FC9FC-0A9C-47D2-8237-517778C08599} = {9875E6A7-AEC3-499B-8D58-13ECCF0DE410}
		{A3207C27-5A85-4511-92B0-ADC82BECF531} = {9875E6A7-AEC3-499B-8D58-13ECCF0DE410}
		{E1026201-E783-4BA9-B1F7-DB4A247ACA80} = {9875E6A7-AEC3-499B-8D58-13ECCF0DE410}
		{B1E169E8-9ACA-45B2-B955-43FF12D1465F} = {79C5BAC6-06D9-48E9-A5BA-9BCCD3478D99}
	EndGlobalSection
	GlobalSection(ExtensibilityGlobals) = postSolution
		SolutionGuid = {A287E480-E0D5-4A33-9958-D4A8F7DC3F31}
	EndGlobalSection
EndGlobal
