
Microsoft Visual Studio Solution File, Format Version 12.00
# Visual Studio Version 17
VisualStudioVersion = 17.3.32825.248
MinimumVisualStudioVersion = 10.0.40219.1
Project("{2150E333-8FDC-42A3-9474-1A3956D46DE8}") = "Solution Items", "Solution Items", "{021967B9-A7A9-45FE-BBC4-1CA398EAD887}"
	ProjectSection(SolutionItems) = preProject
		.editorconfig = .editorconfig
		README.md = README.md
	EndProjectSection
EndProject
Project("{2150E333-8FDC-42A3-9474-1A3956D46DE8}") = "Moda.Common", "Moda.Common", "{FD3939FE-64C0-44CB-A57F-85B671554FF5}"
EndProject
Project("{2150E333-8FDC-42A3-9474-1A3956D46DE8}") = "Moda.Work", "Moda.Work", "{20F0F681-ABD6-4355-8BBF-8FB20E73E20F}"
EndProject
Project("{2150E333-8FDC-42A3-9474-1A3956D46DE8}") = "Moda.Infrastructure", "Moda.Infrastructure", "{358A9AAD-EFBC-421C-BB59-47B1B84EF37B}"
EndProject
Project("{2150E333-8FDC-42A3-9474-1A3956D46DE8}") = "Moda.Web", "Moda.Web", "{7ACBCE5E-448C-4C59-84B2-B06585A29E5D}"
EndProject
Project("{2150E333-8FDC-42A3-9474-1A3956D46DE8}") = "src", "src", "{9875E6A7-AEC3-499B-8D58-13ECCF0DE410}"
EndProject
Project("{2150E333-8FDC-42A3-9474-1A3956D46DE8}") = "tests", "tests", "{13A71673-06F8-4099-BAB7-962DA8E5F0F5}"
EndProject
Project("{2150E333-8FDC-42A3-9474-1A3956D46DE8}") = "src", "src", "{D6652BF1-5A0C-4679-8C54-F1BE7A5F0103}"
EndProject
Project("{2150E333-8FDC-42A3-9474-1A3956D46DE8}") = "tests", "tests", "{92276B0E-42DB-4B96-942D-86DD70CE89C3}"
EndProject
Project("{2150E333-8FDC-42A3-9474-1A3956D46DE8}") = "src", "src", "{D7318832-400B-4E4B-9948-7E4E26E6CE7E}"
EndProject
Project("{2150E333-8FDC-42A3-9474-1A3956D46DE8}") = "tests", "tests", "{154B05B9-B519-4BB5-8D17-344F7EDB38E3}"
EndProject
Project("{2150E333-8FDC-42A3-9474-1A3956D46DE8}") = "src", "src", "{79C5BAC6-06D9-48E9-A5BA-9BCCD3478D99}"
EndProject
Project("{2150E333-8FDC-42A3-9474-1A3956D46DE8}") = "tests", "tests", "{B1E9B8B1-3BCA-460E-B60C-652E6BD98DF3}"
EndProject
Project("{9A19103F-16F7-4668-BE54-9A1E7A4F7556}") = "Moda.Common.Tests", "Moda.Common\tests\Moda.Common.Tests\Moda.Common.Tests.csproj", "{6DD5F280-4BEC-4468-BE42-45FB4CD7D52F}"
EndProject
Project("{9A19103F-16F7-4668-BE54-9A1E7A4F7556}") = "Moda.Common", "Moda.Common\src\Moda.Common\Moda.Common.csproj", "{524FC9FC-0A9C-47D2-8237-517778C08599}"
EndProject
Project("{9A19103F-16F7-4668-BE54-9A1E7A4F7556}") = "Moda.Common.Domain", "Moda.Common\src\Moda.Common.Domain\Moda.Common.Domain.csproj", "{A3207C27-5A85-4511-92B0-ADC82BECF531}"
EndProject
Project("{9A19103F-16F7-4668-BE54-9A1E7A4F7556}") = "Moda.Common.Application", "Moda.Common\src\Moda.Common.Application\Moda.Common.Application.csproj", "{E1026201-E783-4BA9-B1F7-DB4A247ACA80}"
EndProject
Project("{9A19103F-16F7-4668-BE54-9A1E7A4F7556}") = "Moda.Work.Domain", "Moda.Work\src\Moda.Work.Domain\Moda.Work.Domain.csproj", "{B1E169E8-9ACA-45B2-B955-43FF12D1465F}"
EndProject
Project("{9A19103F-16F7-4668-BE54-9A1E7A4F7556}") = "Moda.Infrastructure", "Moda.Infrastructure\src\Moda.Infrastructure\Moda.Infrastructure.csproj", "{63A0C9A3-F296-4A82-B47C-2AB27A351747}"
EndProject
Project("{9A19103F-16F7-4668-BE54-9A1E7A4F7556}") = "Moda.Infrastructure.Migrators.MSSQL", "Moda.Infrastructure\src\Moda.Infrastructure.Migrators.MSSQL\Moda.Infrastructure.Migrators.MSSQL.csproj", "{B1768FB8-09C9-4064-9EE8-D7828A7417B3}"
EndProject
Project("{9A19103F-16F7-4668-BE54-9A1E7A4F7556}") = "Moda.Web.Api", "Moda.Web\src\Moda.Web.Api\Moda.Web.Api.csproj", "{C9710991-70C2-4444-8A12-FCC888960DBF}"
EndProject
Project("{2150E333-8FDC-42A3-9474-1A3956D46DE8}") = "Moda.Services", "Moda.Services", "{A6D1C8F1-0406-4A6E-832E-EE23D40202F9}"
EndProject
Project("{2150E333-8FDC-42A3-9474-1A3956D46DE8}") = "Moda.Organization", "Moda.Organization", "{D4DE971F-FA6B-4B0F-B4CF-4A3072A7A749}"
EndProject
Project("{2150E333-8FDC-42A3-9474-1A3956D46DE8}") = "src", "src", "{86D48B56-16A1-407E-A7A4-B04B8B38F215}"
EndProject
Project("{2150E333-8FDC-42A3-9474-1A3956D46DE8}") = "tests", "tests", "{F83D8FD2-2D7D-422D-B20C-821B701DFBE7}"
EndProject
Project("{9A19103F-16F7-4668-BE54-9A1E7A4F7556}") = "Moda.Organization.Domain", "Moda.Organization\src\Moda.Organization.Domain\Moda.Organization.Domain.csproj", "{A479EC5B-EA3A-4A89-98AD-077998E3C728}"
EndProject
Project("{9A19103F-16F7-4668-BE54-9A1E7A4F7556}") = "Moda.Organization.Application", "Moda.Organization\src\Moda.Organization.Application\Moda.Organization.Application.csproj", "{4D6C1603-B600-4931-8CFE-592B46B9203C}"
EndProject
Project("{2150E333-8FDC-42A3-9474-1A3956D46DE8}") = "Moda.Integrations", "Moda.Integrations", "{409DFB83-5547-4E01-8AC9-BFE3793FDA19}"
EndProject
Project("{2150E333-8FDC-42A3-9474-1A3956D46DE8}") = "src", "src", "{6C24DE92-24DD-45E7-941F-AC3434EF447F}"
EndProject
Project("{2150E333-8FDC-42A3-9474-1A3956D46DE8}") = "tests", "tests", "{76EDC9D4-594A-4061-ACB2-E34704E55D6C}"
EndProject
Project("{9A19103F-16F7-4668-BE54-9A1E7A4F7556}") = "Moda.Integrations.AzureDevOps", "Moda.Integrations\src\Moda.Integrations.AzureDevOps\Moda.Integrations.AzureDevOps.csproj", "{597DBAFF-559D-4161-BA12-23926DF7367C}"
EndProject
Project("{2150E333-8FDC-42A3-9474-1A3956D46DE8}") = "Moda.AppIntegration", "Moda.AppIntegration", "{91FB4522-9A0A-4AA8-9F07-C70EB446E8C7}"
EndProject
Project("{2150E333-8FDC-42A3-9474-1A3956D46DE8}") = "src", "src", "{B9A56ED1-5AB2-43CD-AE6E-8845F7C56496}"
EndProject
Project("{2150E333-8FDC-42A3-9474-1A3956D46DE8}") = "tests", "tests", "{AF4E9F52-9637-4300-AA04-DFB05160085F}"
EndProject
Project("{9A19103F-16F7-4668-BE54-9A1E7A4F7556}") = "Moda.AppIntegration.Domain", "Moda.AppIntegration\src\Moda.AppIntegration.Domain\Moda.AppIntegration.Domain.csproj", "{022242B9-8F52-4263-88E3-85DC0B42C71E}"
EndProject
Project("{9A19103F-16F7-4668-BE54-9A1E7A4F7556}") = "Moda.AppIntegration.Application", "Moda.AppIntegration\src\Moda.AppIntegration.Application\Moda.AppIntegration.Application.csproj", "{BC7412DD-9884-42D4-844C-4C891AA1B3E3}"
EndProject
Project("{9A19103F-16F7-4668-BE54-9A1E7A4F7556}") = "Moda.Work.Application", "Moda.Work\src\Moda.Work.Application\Moda.Work.Application.csproj", "{15095DC2-7C29-45BE-BF7E-1BEA769FEDC2}"
EndProject
Project("{9A19103F-16F7-4668-BE54-9A1E7A4F7556}") = "Moda.Web.BlazorClient", "Moda.Web\src\Moda.Web.BlazorClient\Moda.Web.BlazorClient.csproj", "{39B83D12-0D1C-41EE-B8A0-7434861C0BD5}"
	ProjectSection(ProjectDependencies) = postProject
		{C9710991-70C2-4444-8A12-FCC888960DBF} = {C9710991-70C2-4444-8A12-FCC888960DBF}
	EndProjectSection
EndProject
Project("{9A19103F-16F7-4668-BE54-9A1E7A4F7556}") = "Moda.Integrations.MicrosoftGraph", "Moda.Integrations\src\Moda.Integrations.MicrosoftGraph\Moda.Integrations.MicrosoftGraph.csproj", "{65BBD71B-9734-4F10-BE7A-168E9FAEFF75}"
EndProject
Project("{9A19103F-16F7-4668-BE54-9A1E7A4F7556}") = "Moda.Organization.Domain.Tests", "Moda.Organization\tests\Moda.Organization.Domain.Tests\Moda.Organization.Domain.Tests.csproj", "{BADF979B-908E-47C3-8EF8-8665B43B11E6}"
EndProject
Project("{2150E333-8FDC-42A3-9474-1A3956D46DE8}") = "Moda.Planning", "Moda.Planning", "{1EC5C435-E679-46B1-8F49-2CA02992F5D2}"
EndProject
Project("{2150E333-8FDC-42A3-9474-1A3956D46DE8}") = "src", "src", "{AEA8F168-063D-4CD7-9A20-0A761926A76A}"
EndProject
Project("{2150E333-8FDC-42A3-9474-1A3956D46DE8}") = "tests", "tests", "{C7667C91-8900-4EA2-AE93-D0E8A044414C}"
EndProject
Project("{9A19103F-16F7-4668-BE54-9A1E7A4F7556}") = "Moda.Planning.Domain", "Moda.Planning\src\Moda.Planning.Domain\Moda.Planning.Domain.csproj", "{BD83D8B0-82F6-4350-B83A-300F3FD3F141}"
EndProject
Project("{9A19103F-16F7-4668-BE54-9A1E7A4F7556}") = "Moda.Planning.Application", "Moda.Planning\src\Moda.Planning.Application\Moda.Planning.Application.csproj", "{D2FA2C83-348F-48F5-8032-CF13B543EC65}"
EndProject
Project("{2150E333-8FDC-42A3-9474-1A3956D46DE8}") = "Moda.Goals", "Moda.Goals", "{A4C0AF56-A24A-44B6-8DDA-60C3B24F2E1A}"
EndProject
Project("{2150E333-8FDC-42A3-9474-1A3956D46DE8}") = "src", "src", "{2483A2F4-1542-40C2-83CE-EC51D46F1AEB}"
EndProject
Project("{2150E333-8FDC-42A3-9474-1A3956D46DE8}") = "tests", "tests", "{26A25A3E-1E9F-4687-A611-457F6F3C8F85}"
EndProject
Project("{9A19103F-16F7-4668-BE54-9A1E7A4F7556}") = "Moda.Goals.Domain", "Moda.Goals\src\Moda.Goals.Domain\Moda.Goals.Domain.csproj", "{02E4BD84-FF5E-4A4A-B9F4-736C44B5D5D1}"
EndProject
Project("{9A19103F-16F7-4668-BE54-9A1E7A4F7556}") = "Moda.Goals.Application", "Moda.Goals\src\Moda.Goals.Application\Moda.Goals.Application.csproj", "{F270ADA4-BFF3-43B4-BE64-BF7D80410B4E}"
EndProject
Global
	GlobalSection(SolutionConfigurationPlatforms) = preSolution
		Debug|Any CPU = Debug|Any CPU
		Release|Any CPU = Release|Any CPU
	EndGlobalSection
	GlobalSection(ProjectConfigurationPlatforms) = postSolution
		{6DD5F280-4BEC-4468-BE42-45FB4CD7D52F}.Debug|Any CPU.ActiveCfg = Debug|Any CPU
		{6DD5F280-4BEC-4468-BE42-45FB4CD7D52F}.Debug|Any CPU.Build.0 = Debug|Any CPU
		{6DD5F280-4BEC-4468-BE42-45FB4CD7D52F}.Release|Any CPU.ActiveCfg = Release|Any CPU
		{6DD5F280-4BEC-4468-BE42-45FB4CD7D52F}.Release|Any CPU.Build.0 = Release|Any CPU
		{524FC9FC-0A9C-47D2-8237-517778C08599}.Debug|Any CPU.ActiveCfg = Debug|Any CPU
		{524FC9FC-0A9C-47D2-8237-517778C08599}.Debug|Any CPU.Build.0 = Debug|Any CPU
		{524FC9FC-0A9C-47D2-8237-517778C08599}.Release|Any CPU.ActiveCfg = Release|Any CPU
		{524FC9FC-0A9C-47D2-8237-517778C08599}.Release|Any CPU.Build.0 = Release|Any CPU
		{A3207C27-5A85-4511-92B0-ADC82BECF531}.Debug|Any CPU.ActiveCfg = Debug|Any CPU
		{A3207C27-5A85-4511-92B0-ADC82BECF531}.Debug|Any CPU.Build.0 = Debug|Any CPU
		{A3207C27-5A85-4511-92B0-ADC82BECF531}.Release|Any CPU.ActiveCfg = Release|Any CPU
		{A3207C27-5A85-4511-92B0-ADC82BECF531}.Release|Any CPU.Build.0 = Release|Any CPU
		{E1026201-E783-4BA9-B1F7-DB4A247ACA80}.Debug|Any CPU.ActiveCfg = Debug|Any CPU
		{E1026201-E783-4BA9-B1F7-DB4A247ACA80}.Debug|Any CPU.Build.0 = Debug|Any CPU
		{E1026201-E783-4BA9-B1F7-DB4A247ACA80}.Release|Any CPU.ActiveCfg = Release|Any CPU
		{E1026201-E783-4BA9-B1F7-DB4A247ACA80}.Release|Any CPU.Build.0 = Release|Any CPU
		{B1E169E8-9ACA-45B2-B955-43FF12D1465F}.Debug|Any CPU.ActiveCfg = Debug|Any CPU
		{B1E169E8-9ACA-45B2-B955-43FF12D1465F}.Debug|Any CPU.Build.0 = Debug|Any CPU
		{B1E169E8-9ACA-45B2-B955-43FF12D1465F}.Release|Any CPU.ActiveCfg = Release|Any CPU
		{B1E169E8-9ACA-45B2-B955-43FF12D1465F}.Release|Any CPU.Build.0 = Release|Any CPU
		{63A0C9A3-F296-4A82-B47C-2AB27A351747}.Debug|Any CPU.ActiveCfg = Debug|Any CPU
		{63A0C9A3-F296-4A82-B47C-2AB27A351747}.Debug|Any CPU.Build.0 = Debug|Any CPU
		{63A0C9A3-F296-4A82-B47C-2AB27A351747}.Release|Any CPU.ActiveCfg = Release|Any CPU
		{63A0C9A3-F296-4A82-B47C-2AB27A351747}.Release|Any CPU.Build.0 = Release|Any CPU
		{B1768FB8-09C9-4064-9EE8-D7828A7417B3}.Debug|Any CPU.ActiveCfg = Debug|Any CPU
		{B1768FB8-09C9-4064-9EE8-D7828A7417B3}.Debug|Any CPU.Build.0 = Debug|Any CPU
		{B1768FB8-09C9-4064-9EE8-D7828A7417B3}.Release|Any CPU.ActiveCfg = Release|Any CPU
		{B1768FB8-09C9-4064-9EE8-D7828A7417B3}.Release|Any CPU.Build.0 = Release|Any CPU
		{C9710991-70C2-4444-8A12-FCC888960DBF}.Debug|Any CPU.ActiveCfg = Debug|Any CPU
		{C9710991-70C2-4444-8A12-FCC888960DBF}.Debug|Any CPU.Build.0 = Debug|Any CPU
		{C9710991-70C2-4444-8A12-FCC888960DBF}.Release|Any CPU.ActiveCfg = Release|Any CPU
		{C9710991-70C2-4444-8A12-FCC888960DBF}.Release|Any CPU.Build.0 = Release|Any CPU
		{A479EC5B-EA3A-4A89-98AD-077998E3C728}.Debug|Any CPU.ActiveCfg = Debug|Any CPU
		{A479EC5B-EA3A-4A89-98AD-077998E3C728}.Debug|Any CPU.Build.0 = Debug|Any CPU
		{A479EC5B-EA3A-4A89-98AD-077998E3C728}.Release|Any CPU.ActiveCfg = Release|Any CPU
		{A479EC5B-EA3A-4A89-98AD-077998E3C728}.Release|Any CPU.Build.0 = Release|Any CPU
		{4D6C1603-B600-4931-8CFE-592B46B9203C}.Debug|Any CPU.ActiveCfg = Debug|Any CPU
		{4D6C1603-B600-4931-8CFE-592B46B9203C}.Debug|Any CPU.Build.0 = Debug|Any CPU
		{4D6C1603-B600-4931-8CFE-592B46B9203C}.Release|Any CPU.ActiveCfg = Release|Any CPU
		{4D6C1603-B600-4931-8CFE-592B46B9203C}.Release|Any CPU.Build.0 = Release|Any CPU
		{597DBAFF-559D-4161-BA12-23926DF7367C}.Debug|Any CPU.ActiveCfg = Debug|Any CPU
		{597DBAFF-559D-4161-BA12-23926DF7367C}.Debug|Any CPU.Build.0 = Debug|Any CPU
		{597DBAFF-559D-4161-BA12-23926DF7367C}.Release|Any CPU.ActiveCfg = Release|Any CPU
		{597DBAFF-559D-4161-BA12-23926DF7367C}.Release|Any CPU.Build.0 = Release|Any CPU
		{022242B9-8F52-4263-88E3-85DC0B42C71E}.Debug|Any CPU.ActiveCfg = Debug|Any CPU
		{022242B9-8F52-4263-88E3-85DC0B42C71E}.Debug|Any CPU.Build.0 = Debug|Any CPU
		{022242B9-8F52-4263-88E3-85DC0B42C71E}.Release|Any CPU.ActiveCfg = Release|Any CPU
		{022242B9-8F52-4263-88E3-85DC0B42C71E}.Release|Any CPU.Build.0 = Release|Any CPU
		{BC7412DD-9884-42D4-844C-4C891AA1B3E3}.Debug|Any CPU.ActiveCfg = Debug|Any CPU
		{BC7412DD-9884-42D4-844C-4C891AA1B3E3}.Debug|Any CPU.Build.0 = Debug|Any CPU
		{BC7412DD-9884-42D4-844C-4C891AA1B3E3}.Release|Any CPU.ActiveCfg = Release|Any CPU
		{BC7412DD-9884-42D4-844C-4C891AA1B3E3}.Release|Any CPU.Build.0 = Release|Any CPU
		{15095DC2-7C29-45BE-BF7E-1BEA769FEDC2}.Debug|Any CPU.ActiveCfg = Debug|Any CPU
		{15095DC2-7C29-45BE-BF7E-1BEA769FEDC2}.Debug|Any CPU.Build.0 = Debug|Any CPU
		{15095DC2-7C29-45BE-BF7E-1BEA769FEDC2}.Release|Any CPU.ActiveCfg = Release|Any CPU
		{15095DC2-7C29-45BE-BF7E-1BEA769FEDC2}.Release|Any CPU.Build.0 = Release|Any CPU
		{39B83D12-0D1C-41EE-B8A0-7434861C0BD5}.Debug|Any CPU.ActiveCfg = Debug|Any CPU
		{39B83D12-0D1C-41EE-B8A0-7434861C0BD5}.Debug|Any CPU.Build.0 = Debug|Any CPU
		{39B83D12-0D1C-41EE-B8A0-7434861C0BD5}.Release|Any CPU.ActiveCfg = Release|Any CPU
		{39B83D12-0D1C-41EE-B8A0-7434861C0BD5}.Release|Any CPU.Build.0 = Release|Any CPU
		{65BBD71B-9734-4F10-BE7A-168E9FAEFF75}.Debug|Any CPU.ActiveCfg = Debug|Any CPU
		{65BBD71B-9734-4F10-BE7A-168E9FAEFF75}.Debug|Any CPU.Build.0 = Debug|Any CPU
		{65BBD71B-9734-4F10-BE7A-168E9FAEFF75}.Release|Any CPU.ActiveCfg = Release|Any CPU
		{65BBD71B-9734-4F10-BE7A-168E9FAEFF75}.Release|Any CPU.Build.0 = Release|Any CPU
		{BADF979B-908E-47C3-8EF8-8665B43B11E6}.Debug|Any CPU.ActiveCfg = Debug|Any CPU
		{BADF979B-908E-47C3-8EF8-8665B43B11E6}.Debug|Any CPU.Build.0 = Debug|Any CPU
		{BADF979B-908E-47C3-8EF8-8665B43B11E6}.Release|Any CPU.ActiveCfg = Release|Any CPU
		{BADF979B-908E-47C3-8EF8-8665B43B11E6}.Release|Any CPU.Build.0 = Release|Any CPU
		{BD83D8B0-82F6-4350-B83A-300F3FD3F141}.Debug|Any CPU.ActiveCfg = Debug|Any CPU
		{BD83D8B0-82F6-4350-B83A-300F3FD3F141}.Debug|Any CPU.Build.0 = Debug|Any CPU
		{BD83D8B0-82F6-4350-B83A-300F3FD3F141}.Release|Any CPU.ActiveCfg = Release|Any CPU
		{BD83D8B0-82F6-4350-B83A-300F3FD3F141}.Release|Any CPU.Build.0 = Release|Any CPU
		{D2FA2C83-348F-48F5-8032-CF13B543EC65}.Debug|Any CPU.ActiveCfg = Debug|Any CPU
		{D2FA2C83-348F-48F5-8032-CF13B543EC65}.Debug|Any CPU.Build.0 = Debug|Any CPU
		{D2FA2C83-348F-48F5-8032-CF13B543EC65}.Release|Any CPU.ActiveCfg = Release|Any CPU
		{D2FA2C83-348F-48F5-8032-CF13B543EC65}.Release|Any CPU.Build.0 = Release|Any CPU
		{02E4BD84-FF5E-4A4A-B9F4-736C44B5D5D1}.Debug|Any CPU.ActiveCfg = Debug|Any CPU
		{02E4BD84-FF5E-4A4A-B9F4-736C44B5D5D1}.Debug|Any CPU.Build.0 = Debug|Any CPU
		{02E4BD84-FF5E-4A4A-B9F4-736C44B5D5D1}.Release|Any CPU.ActiveCfg = Release|Any CPU
		{02E4BD84-FF5E-4A4A-B9F4-736C44B5D5D1}.Release|Any CPU.Build.0 = Release|Any CPU
		{F270ADA4-BFF3-43B4-BE64-BF7D80410B4E}.Debug|Any CPU.ActiveCfg = Debug|Any CPU
		{F270ADA4-BFF3-43B4-BE64-BF7D80410B4E}.Debug|Any CPU.Build.0 = Debug|Any CPU
		{F270ADA4-BFF3-43B4-BE64-BF7D80410B4E}.Release|Any CPU.ActiveCfg = Release|Any CPU
		{F270ADA4-BFF3-43B4-BE64-BF7D80410B4E}.Release|Any CPU.Build.0 = Release|Any CPU
	EndGlobalSection
	GlobalSection(SolutionProperties) = preSolution
		HideSolutionNode = FALSE
	EndGlobalSection
	GlobalSection(NestedProjects) = preSolution
		{20F0F681-ABD6-4355-8BBF-8FB20E73E20F} = {A6D1C8F1-0406-4A6E-832E-EE23D40202F9}
		{9875E6A7-AEC3-499B-8D58-13ECCF0DE410} = {FD3939FE-64C0-44CB-A57F-85B671554FF5}
		{13A71673-06F8-4099-BAB7-962DA8E5F0F5} = {FD3939FE-64C0-44CB-A57F-85B671554FF5}
		{D6652BF1-5A0C-4679-8C54-F1BE7A5F0103} = {358A9AAD-EFBC-421C-BB59-47B1B84EF37B}
		{92276B0E-42DB-4B96-942D-86DD70CE89C3} = {358A9AAD-EFBC-421C-BB59-47B1B84EF37B}
		{D7318832-400B-4E4B-9948-7E4E26E6CE7E} = {7ACBCE5E-448C-4C59-84B2-B06585A29E5D}
		{154B05B9-B519-4BB5-8D17-344F7EDB38E3} = {7ACBCE5E-448C-4C59-84B2-B06585A29E5D}
		{79C5BAC6-06D9-48E9-A5BA-9BCCD3478D99} = {20F0F681-ABD6-4355-8BBF-8FB20E73E20F}
		{B1E9B8B1-3BCA-460E-B60C-652E6BD98DF3} = {20F0F681-ABD6-4355-8BBF-8FB20E73E20F}
		{6DD5F280-4BEC-4468-BE42-45FB4CD7D52F} = {13A71673-06F8-4099-BAB7-962DA8E5F0F5}
		{524FC9FC-0A9C-47D2-8237-517778C08599} = {9875E6A7-AEC3-499B-8D58-13ECCF0DE410}
		{A3207C27-5A85-4511-92B0-ADC82BECF531} = {9875E6A7-AEC3-499B-8D58-13ECCF0DE410}
		{E1026201-E783-4BA9-B1F7-DB4A247ACA80} = {9875E6A7-AEC3-499B-8D58-13ECCF0DE410}
		{B1E169E8-9ACA-45B2-B955-43FF12D1465F} = {79C5BAC6-06D9-48E9-A5BA-9BCCD3478D99}
		{63A0C9A3-F296-4A82-B47C-2AB27A351747} = {D6652BF1-5A0C-4679-8C54-F1BE7A5F0103}
		{B1768FB8-09C9-4064-9EE8-D7828A7417B3} = {D6652BF1-5A0C-4679-8C54-F1BE7A5F0103}
		{C9710991-70C2-4444-8A12-FCC888960DBF} = {D7318832-400B-4E4B-9948-7E4E26E6CE7E}
		{D4DE971F-FA6B-4B0F-B4CF-4A3072A7A749} = {A6D1C8F1-0406-4A6E-832E-EE23D40202F9}
		{86D48B56-16A1-407E-A7A4-B04B8B38F215} = {D4DE971F-FA6B-4B0F-B4CF-4A3072A7A749}
		{F83D8FD2-2D7D-422D-B20C-821B701DFBE7} = {D4DE971F-FA6B-4B0F-B4CF-4A3072A7A749}
		{A479EC5B-EA3A-4A89-98AD-077998E3C728} = {86D48B56-16A1-407E-A7A4-B04B8B38F215}
		{4D6C1603-B600-4931-8CFE-592B46B9203C} = {86D48B56-16A1-407E-A7A4-B04B8B38F215}
		{6C24DE92-24DD-45E7-941F-AC3434EF447F} = {409DFB83-5547-4E01-8AC9-BFE3793FDA19}
		{76EDC9D4-594A-4061-ACB2-E34704E55D6C} = {409DFB83-5547-4E01-8AC9-BFE3793FDA19}
		{597DBAFF-559D-4161-BA12-23926DF7367C} = {6C24DE92-24DD-45E7-941F-AC3434EF447F}
		{91FB4522-9A0A-4AA8-9F07-C70EB446E8C7} = {A6D1C8F1-0406-4A6E-832E-EE23D40202F9}
		{B9A56ED1-5AB2-43CD-AE6E-8845F7C56496} = {91FB4522-9A0A-4AA8-9F07-C70EB446E8C7}
		{AF4E9F52-9637-4300-AA04-DFB05160085F} = {91FB4522-9A0A-4AA8-9F07-C70EB446E8C7}
		{022242B9-8F52-4263-88E3-85DC0B42C71E} = {B9A56ED1-5AB2-43CD-AE6E-8845F7C56496}
		{BC7412DD-9884-42D4-844C-4C891AA1B3E3} = {B9A56ED1-5AB2-43CD-AE6E-8845F7C56496}
		{15095DC2-7C29-45BE-BF7E-1BEA769FEDC2} = {79C5BAC6-06D9-48E9-A5BA-9BCCD3478D99}
		{39B83D12-0D1C-41EE-B8A0-7434861C0BD5} = {D7318832-400B-4E4B-9948-7E4E26E6CE7E}
		{65BBD71B-9734-4F10-BE7A-168E9FAEFF75} = {6C24DE92-24DD-45E7-941F-AC3434EF447F}
		{BADF979B-908E-47C3-8EF8-8665B43B11E6} = {F83D8FD2-2D7D-422D-B20C-821B701DFBE7}
		{1EC5C435-E679-46B1-8F49-2CA02992F5D2} = {A6D1C8F1-0406-4A6E-832E-EE23D40202F9}
		{AEA8F168-063D-4CD7-9A20-0A761926A76A} = {1EC5C435-E679-46B1-8F49-2CA02992F5D2}
		{C7667C91-8900-4EA2-AE93-D0E8A044414C} = {1EC5C435-E679-46B1-8F49-2CA02992F5D2}
		{BD83D8B0-82F6-4350-B83A-300F3FD3F141} = {AEA8F168-063D-4CD7-9A20-0A761926A76A}
		{D2FA2C83-348F-48F5-8032-CF13B543EC65} = {AEA8F168-063D-4CD7-9A20-0A761926A76A}
		{A4C0AF56-A24A-44B6-8DDA-60C3B24F2E1A} = {A6D1C8F1-0406-4A6E-832E-EE23D40202F9}
		{2483A2F4-1542-40C2-83CE-EC51D46F1AEB} = {A4C0AF56-A24A-44B6-8DDA-60C3B24F2E1A}
		{26A25A3E-1E9F-4687-A611-457F6F3C8F85} = {A4C0AF56-A24A-44B6-8DDA-60C3B24F2E1A}
		{02E4BD84-FF5E-4A4A-B9F4-736C44B5D5D1} = {2483A2F4-1542-40C2-83CE-EC51D46F1AEB}
		{F270ADA4-BFF3-43B4-BE64-BF7D80410B4E} = {2483A2F4-1542-40C2-83CE-EC51D46F1AEB}
	EndGlobalSection
	GlobalSection(ExtensibilityGlobals) = postSolution
		SolutionGuid = {A287E480-E0D5-4A33-9958-D4A8F7DC3F31}
	EndGlobalSection
EndGlobal
