
Microsoft Visual Studio Solution File, Format Version 12.00
# Visual Studio Version 17
VisualStudioVersion = 17.0.31717.71
MinimumVisualStudioVersion = 10.0.40219.1
Project("{9A19103F-16F7-4668-BE54-9A1E7A4F7556}") = "Moda.Web.BlazorClient", "Moda.Web.BlazorClient.csproj", "{B1F3B0A6-7D89-4A40-A49E-CD4AE186B232}"
EndProject
Global
	GlobalSection(SolutionConfigurationPlatforms) = preSolution
		Debug|Any CPU = Debug|Any CPU
		Release|Any CPU = Release|Any CPU
	EndGlobalSection
	GlobalSection(ProjectConfigurationPlatforms) = postSolution
		{B1F3B0A6-7D89-4A40-A49E-CD4AE186B232}.Debug|Any CPU.ActiveCfg = Debug|Any CPU
		{B1F3B0A6-7D89-4A40-A49E-CD4AE186B232}.Debug|Any CPU.Build.0 = Debug|Any CPU
		{B1F3B0A6-7D89-4A40-A49E-CD4AE186B232}.Release|Any CPU.ActiveCfg = Release|Any CPU
		{B1F3B0A6-7D89-4A40-A49E-CD4AE186B232}.Release|Any CPU.Build.0 = Release|Any CPU
	EndGlobalSection
	GlobalSection(SolutionProperties) = preSolution
		HideSolutionNode = FALSE
	EndGlobalSection
	GlobalSection(ExtensibilityGlobals) = postSolution
		SolutionGuid = {FCFC8AE8-D389-47B6-B797-2ABB222C4D28}
	EndGlobalSection
EndGlobal